
Microsoft Visual Studio Solution File, Format Version 12.00
# Visual Studio Version 17
VisualStudioVersion = 17.5.33530.505
MinimumVisualStudioVersion = 10.0.40219.1
Project("{FAE04EC0-301F-11D3-BF4B-00C04F79EFBC}") = "FantasyTennis", "FantasyTennis\FantasyTennis.csproj", "{65BFCA7E-A1AA-450E-AF1B-FB7133F1B0E7}"
EndProject
Global
	GlobalSection(SolutionConfigurationPlatforms) = preSolution
		Debug|Any CPU = Debug|Any CPU
		Release|Any CPU = Release|Any CPU
	EndGlobalSection
	GlobalSection(ProjectConfigurationPlatforms) = postSolution
		{65BFCA7E-A1AA-450E-AF1B-FB7133F1B0E7}.Debug|Any CPU.ActiveCfg = Debug|Any CPU
		{65BFCA7E-A1AA-450E-AF1B-FB7133F1B0E7}.Debug|Any CPU.Build.0 = Debug|Any CPU
		{65BFCA7E-A1AA-450E-AF1B-FB7133F1B0E7}.Release|Any CPU.ActiveCfg = Release|Any CPU
		{65BFCA7E-A1AA-450E-AF1B-FB7133F1B0E7}.Release|Any CPU.Build.0 = Release|Any CPU
	EndGlobalSection
	GlobalSection(SolutionProperties) = preSolution
		HideSolutionNode = FALSE
	EndGlobalSection
	GlobalSection(ExtensibilityGlobals) = postSolution
		SolutionGuid = {38B1C49B-7D34-46F1-9FBD-4F878385FF74}
	EndGlobalSection
EndGlobal
